
Microsoft Visual Studio Solution File, Format Version 12.00
# Visual Studio Version 17
VisualStudioVersion = 17.9.34714.143
MinimumVisualStudioVersion = 10.0.40219.1
Project("{FAE04EC0-301F-11D3-BF4B-00C04F79EFBC}") = "CalculatorConsoleApplication", "CalculatorConsoleApplication\CalculatorConsoleApplication.csproj", "{7C3CDCE9-9DCB-4B36-A619-80B38A684E0A}"
EndProject
Project("{FAE04EC0-301F-11D3-BF4B-00C04F79EFBC}") = "CalculatorConsoleApplicationTests.nUnitTests", "CalculatorConsoleApplicationTests.nUnitTests\CalculatorConsoleApplicationTests.nUnitTests.csproj", "{5EF5D4F8-89EB-42B9-BDE2-FD272C6EFA01}"
EndProject
Global
	GlobalSection(SolutionConfigurationPlatforms) = preSolution
		Debug|Any CPU = Debug|Any CPU
		Release|Any CPU = Release|Any CPU
	EndGlobalSection
	GlobalSection(ProjectConfigurationPlatforms) = postSolution
		{7C3CDCE9-9DCB-4B36-A619-80B38A684E0A}.Debug|Any CPU.ActiveCfg = Debug|Any CPU
		{7C3CDCE9-9DCB-4B36-A619-80B38A684E0A}.Debug|Any CPU.Build.0 = Debug|Any CPU
		{7C3CDCE9-9DCB-4B36-A619-80B38A684E0A}.Release|Any CPU.ActiveCfg = Release|Any CPU
		{7C3CDCE9-9DCB-4B36-A619-80B38A684E0A}.Release|Any CPU.Build.0 = Release|Any CPU
		{5EF5D4F8-89EB-42B9-BDE2-FD272C6EFA01}.Debug|Any CPU.ActiveCfg = Debug|Any CPU
		{5EF5D4F8-89EB-42B9-BDE2-FD272C6EFA01}.Debug|Any CPU.Build.0 = Debug|Any CPU
		{5EF5D4F8-89EB-42B9-BDE2-FD272C6EFA01}.Release|Any CPU.ActiveCfg = Release|Any CPU
		{5EF5D4F8-89EB-42B9-BDE2-FD272C6EFA01}.Release|Any CPU.Build.0 = Release|Any CPU
	EndGlobalSection
	GlobalSection(SolutionProperties) = preSolution
		HideSolutionNode = FALSE
	EndGlobalSection
	GlobalSection(ExtensibilityGlobals) = postSolution
		SolutionGuid = {CD78A94E-19AD-46F1-BDA4-F03A30E116B1}
	EndGlobalSection
EndGlobal
